<Solution>
  <Folder Name="/Solution Items/">
    <File Path="AGENTS.md" />
    <File Path="CHANGELOG.md" />
    <File Path="README.md" />
  </Folder>
  <Folder Name="/src/">
    <File Path="src/AGENTS.md" />
    <Project Path="src/QBittorrent.ApiClient/QBittorrent.ApiClient.csproj" />
  </Folder>
  <Folder Name="/test/">
    <File Path="test/AGENTS.md" />
    <Project Path="test/QBittorrent.ApiClient.Test/QBittorrent.ApiClient.Test.csproj" />
  </Folder>
</Solution>
